// !$*UTF8*$!
{
	archiveVersion = 1;
	classes = {
	};
	objectVersion = 50;
	objects = {

/* Begin PBXBuildFile section */
		2EAA7DC4216CA8DB00614B85 /* BaseNavigationView.swift in Sources */ = {isa = PBXBuildFile; fileRef = 2EAA7DC3216CA8DB00614B85 /* BaseNavigationView.swift */; };
		2EAA7DC6216CA92100614B85 /* ViewController.swift in Sources */ = {isa = PBXBuildFile; fileRef = 2EAA7DC5216CA92100614B85 /* ViewController.swift */; };
		2EB17064216CA5E100AA7C6E /* AppDelegate.swift in Sources */ = {isa = PBXBuildFile; fileRef = 2EB17063216CA5E100AA7C6E /* AppDelegate.swift */; };
		2EB1706B216CA5E300AA7C6E /* Assets.xcassets in Resources */ = {isa = PBXBuildFile; fileRef = 2EB1706A216CA5E300AA7C6E /* Assets.xcassets */; };
		2EB1706E216CA5E300AA7C6E /* LaunchScreen.storyboard in Resources */ = {isa = PBXBuildFile; fileRef = 2EB1706C216CA5E300AA7C6E /* LaunchScreen.storyboard */; };
		2EB1707C216CA60400AA7C6E /* BaseNavigationBar.xib in Resources */ = {isa = PBXBuildFile; fileRef = 2EB17078216CA60400AA7C6E /* BaseNavigationBar.xib */; };
		2EB1707D216CA60400AA7C6E /* BaseNavigationBar.swift in Sources */ = {isa = PBXBuildFile; fileRef = 2EB17079216CA60400AA7C6E /* BaseNavigationBar.swift */; };
		2EB1707E216CA60400AA7C6E /* SecondViewController.swift in Sources */ = {isa = PBXBuildFile; fileRef = 2EB1707A216CA60400AA7C6E /* SecondViewController.swift */; };
		2EB17080216CA61400AA7C6E /* Main.storyboard in Resources */ = {isa = PBXBuildFile; fileRef = 2EB1707F216CA61400AA7C6E /* Main.storyboard */; };
/* End PBXBuildFile section */

/* Begin PBXFileReference section */
		2EAA7DC3216CA8DB00614B85 /* BaseNavigationView.swift */ = {isa = PBXFileReference; fileEncoding = 4; lastKnownFileType = sourcecode.swift; path = BaseNavigationView.swift; sourceTree = "<group>"; };
		2EAA7DC5216CA92100614B85 /* ViewController.swift */ = {isa = PBXFileReference; fileEncoding = 4; lastKnownFileType = sourcecode.swift; path = ViewController.swift; sourceTree = "<group>"; };
		2EB17060216CA5E100AA7C6E /* Generic Nav.app */ = {isa = PBXFileReference; explicitFileType = wrapper.application; includeInIndex = 0; path = "Generic Nav.app"; sourceTree = BUILT_PRODUCTS_DIR; };
		2EB17063216CA5E100AA7C6E /* AppDelegate.swift */ = {isa = PBXFileReference; lastKnownFileType = sourcecode.swift; path = AppDelegate.swift; sourceTree = "<group>"; };
		2EB1706A216CA5E300AA7C6E /* Assets.xcassets */ = {isa = PBXFileReference; lastKnownFileType = folder.assetcatalog; path = Assets.xcassets; sourceTree = "<group>"; };
		2EB1706D216CA5E300AA7C6E /* Base */ = {isa = PBXFileReference; lastKnownFileType = file.storyboard; name = Base; path = Base.lproj/LaunchScreen.storyboard; sourceTree = "<group>"; };
		2EB1706F216CA5E300AA7C6E /* Info.plist */ = {isa = PBXFileReference; lastKnownFileType = text.plist.xml; path = Info.plist; sourceTree = "<group>"; };
		2EB17078216CA60400AA7C6E /* BaseNavigationBar.xib */ = {isa = PBXFileReference; fileEncoding = 4; lastKnownFileType = file.xib; path = BaseNavigationBar.xib; sourceTree = "<group>"; };
		2EB17079216CA60400AA7C6E /* BaseNavigationBar.swift */ = {isa = PBXFileReference; fileEncoding = 4; lastKnownFileType = sourcecode.swift; path = BaseNavigationBar.swift; sourceTree = "<group>"; };
		2EB1707A216CA60400AA7C6E /* SecondViewController.swift */ = {isa = PBXFileReference; fileEncoding = 4; lastKnownFileType = sourcecode.swift; path = SecondViewController.swift; sourceTree = "<group>"; };
		2EB1707F216CA61400AA7C6E /* Main.storyboard */ = {isa = PBXFileReference; fileEncoding = 4; lastKnownFileType = file.storyboard; path = Main.storyboard; sourceTree = "<group>"; };
/* End PBXFileReference section */

/* Begin PBXFrameworksBuildPhase section */
		2EB1705D216CA5E100AA7C6E /* Frameworks */ = {
			isa = PBXFrameworksBuildPhase;
			buildActionMask = 2147483647;
			files = (
			);
			runOnlyForDeploymentPostprocessing = 0;
		};
/* End PBXFrameworksBuildPhase section */

/* Begin PBXGroup section */
		2EB17057216CA5E100AA7C6E = {
			isa = PBXGroup;
			children = (
				2EB17062216CA5E100AA7C6E /* Generic Nav */,
				2EB17061216CA5E100AA7C6E /* Products */,
			);
			sourceTree = "<group>";
		};
		2EB17061216CA5E100AA7C6E /* Products */ = {
			isa = PBXGroup;
			children = (
				2EB17060216CA5E100AA7C6E /* Generic Nav.app */,
			);
			name = Products;
			sourceTree = "<group>";
		};
		2EB17062216CA5E100AA7C6E /* Generic Nav */ = {
			isa = PBXGroup;
			children = (
				2EAA7DC5216CA92100614B85 /* ViewController.swift */,
				2EB1707F216CA61400AA7C6E /* Main.storyboard */,
				2EB17079216CA60400AA7C6E /* BaseNavigationBar.swift */,
				2EB17078216CA60400AA7C6E /* BaseNavigationBar.xib */,
				2EB1707A216CA60400AA7C6E /* SecondViewController.swift */,
				2EAA7DC3216CA8DB00614B85 /* BaseNavigationView.swift */,
				2EB17063216CA5E100AA7C6E /* AppDelegate.swift */,
				2EB1706A216CA5E300AA7C6E /* Assets.xcassets */,
				2EB1706C216CA5E300AA7C6E /* LaunchScreen.storyboard */,
				2EB1706F216CA5E300AA7C6E /* Info.plist */,
			);
			path = "Generic Nav";
			sourceTree = "<group>";
		};
/* End PBXGroup section */

/* Begin PBXNativeTarget section */
		2EB1705F216CA5E100AA7C6E /* Generic Nav */ = {
			isa = PBXNativeTarget;
			buildConfigurationList = 2EB17072216CA5E300AA7C6E /* Build configuration list for PBXNativeTarget "Generic Nav" */;
			buildPhases = (
				2EB1705C216CA5E100AA7C6E /* Sources */,
				2EB1705D216CA5E100AA7C6E /* Frameworks */,
				2EB1705E216CA5E100AA7C6E /* Resources */,
			);
			buildRules = (
			);
			dependencies = (
			);
			name = "Generic Nav";
			productName = "Generic Nav";
			productReference = 2EB17060216CA5E100AA7C6E /* Generic Nav.app */;
			productType = "com.apple.product-type.application";
		};
/* End PBXNativeTarget section */

/* Begin PBXProject section */
		2EB17058216CA5E100AA7C6E /* Project object */ = {
			isa = PBXProject;
			attributes = {
				LastSwiftUpdateCheck = 1000;
				LastUpgradeCheck = 1000;
				ORGANIZATIONNAME = "Daniyal Yousuf";
				TargetAttributes = {
					2EB1705F216CA5E100AA7C6E = {
						CreatedOnToolsVersion = 10.0;
					};
				};
			};
			buildConfigurationList = 2EB1705B216CA5E100AA7C6E /* Build configuration list for PBXProject "Generic Nav" */;
			compatibilityVersion = "Xcode 9.3";
			developmentRegion = en;
			hasScannedForEncodings = 0;
			knownRegions = (
				en,
				Base,
			);
			mainGroup = 2EB17057216CA5E100AA7C6E;
			productRefGroup = 2EB17061216CA5E100AA7C6E /* Products */;
			projectDirPath = "";
			projectRoot = "";
			targets = (
				2EB1705F216CA5E100AA7C6E /* Generic Nav */,
			);
		};
/* End PBXProject section */

/* Begin PBXResourcesBuildPhase section */
		2EB1705E216CA5E100AA7C6E /* Resources */ = {
			isa = PBXResourcesBuildPhase;
			buildActionMask = 2147483647;
			files = (
				2EB1706E216CA5E300AA7C6E /* LaunchScreen.storyboard in Resources */,
				2EB17080216CA61400AA7C6E /* Main.storyboard in Resources */,
				2EB1706B216CA5E300AA7C6E /* Assets.xcassets in Resources */,
				2EB1707C216CA60400AA7C6E /* BaseNavigationBar.xib in Resources */,
			);
			runOnlyForDeploymentPostprocessing = 0;
		};
/* End PBXResourcesBuildPhase section */

/* Begin PBXSourcesBuildPhase section */
		2EB1705C216CA5E100AA7C6E /* Sources */ = {
			isa = PBXSourcesBuildPhase;
			buildActionMask = 2147483647;
			files = (
				2EB1707E216CA60400AA7C6E /* SecondViewController.swift in Sources */,
				2EAA7DC4216CA8DB00614B85 /* BaseNavigationView.swift in Sources */,
				2EAA7DC6216CA92100614B85 /* ViewController.swift in Sources */,
				2EB1707D216CA60400AA7C6E /* BaseNavigationBar.swift in Sources */,
				2EB17064216CA5E100AA7C6E /* AppDelegate.swift in Sources */,
			);
			runOnlyForDeploymentPostprocessing = 0;
		};
/* End PBXSourcesBuildPhase section */

/* Begin PBXVariantGroup section */
		2EB1706C216CA5E300AA7C6E /* LaunchScreen.storyboard */ = {
			isa = PBXVariantGroup;
			children = (
				2EB1706D216CA5E300AA7C6E /* Base */,
			);
			name = LaunchScreen.storyboard;
			sourceTree = "<group>";
		};
/* End PBXVariantGroup section */

/* Begin XCBuildConfiguration section */
		2EB17070216CA5E300AA7C6E /* Debug */ = {
			isa = XCBuildConfiguration;
			buildSettings = {
				ALWAYS_SEARCH_USER_PATHS = NO;
				CLANG_ANALYZER_NONNULL = YES;
				CLANG_ANALYZER_NUMBER_OBJECT_CONVERSION = YES_AGGRESSIVE;
				CLANG_CXX_LANGUAGE_STANDARD = "gnu++14";
				CLANG_CXX_LIBRARY = "libc++";
				CLANG_ENABLE_MODULES = YES;
				CLANG_ENABLE_OBJC_ARC = YES;
				CLANG_ENABLE_OBJC_WEAK = YES;
				CLANG_WARN_BLOCK_CAPTURE_AUTORELEASING = YES;
				CLANG_WARN_BOOL_CONVERSION = YES;
				CLANG_WARN_COMMA = YES;
				CLANG_WARN_CONSTANT_CONVERSION = YES;
				CLANG_WARN_DEPRECATED_OBJC_IMPLEMENTATIONS = YES;
				CLANG_WARN_DIRECT_OBJC_ISA_USAGE = YES_ERROR;
				CLANG_WARN_DOCUMENTATION_COMMENTS = YES;
				CLANG_WARN_EMPTY_BODY = YES;
				CLANG_WARN_ENUM_CONVERSION = YES;
				CLANG_WARN_INFINITE_RECURSION = YES;
				CLANG_WARN_INT_CONVERSION = YES;
				CLANG_WARN_NON_LITERAL_NULL_CONVERSION = YES;
				CLANG_WARN_OBJC_IMPLICIT_RETAIN_SELF = YES;
				CLANG_WARN_OBJC_LITERAL_CONVERSION = YES;
				CLANG_WARN_OBJC_ROOT_CLASS = YES_ERROR;
				CLANG_WARN_RANGE_LOOP_ANALYSIS = YES;
				CLANG_WARN_STRICT_PROTOTYPES = YES;
				CLANG_WARN_SUSPICIOUS_MOVE = YES;
				CLANG_WARN_UNGUARDED_AVAILABILITY = YES_AGGRESSIVE;
				CLANG_WARN_UNREACHABLE_CODE = YES;
				CLANG_WARN__DUPLICATE_METHOD_MATCH = YES;
				CODE_SIGN_IDENTITY = "iPhone Developer";
				COPY_PHASE_STRIP = NO;
				DEBUG_INFORMATION_FORMAT = dwarf;
				ENABLE_STRICT_OBJC_MSGSEND = YES;
				ENABLE_TESTABILITY = YES;
				GCC_C_LANGUAGE_STANDARD = gnu11;
				GCC_DYNAMIC_NO_PIC = NO;
				GCC_NO_COMMON_BLOCKS = YES;
				GCC_OPTIMIZATION_LEVEL = 0;
				GCC_PREPROCESSOR_DEFINITIONS = (
					"DEBUG=1",
					"$(inherited)",
				);
				GCC_WARN_64_TO_32_BIT_CONVERSION = YES;
				GCC_WARN_ABOUT_RETURN_TYPE = YES_ERROR;
				GCC_WARN_UNDECLARED_SELECTOR = YES;
				GCC_WARN_UNINITIALIZED_AUTOS = YES_AGGRESSIVE;
				GCC_WARN_UNUSED_FUNCTION = YES;
				GCC_WARN_UNUSED_VARIABLE = YES;
				IPHONEOS_DEPLOYMENT_TARGET = 12.0;
				MTL_ENABLE_DEBUG_INFO = INCLUDE_SOURCE;
				MTL_FAST_MATH = YES;
				ONLY_ACTIVE_ARCH = YES;
				SDKROOT = iphoneos;
				SWIFT_ACTIVE_COMPILATION_CONDITIONS = DEBUG;
				SWIFT_OPTIMIZATION_LEVEL = "-Onone";
			};
			name = Debug;
		};
		2EB17071216CA5E300AA7C6E /* Release */ = {
			isa = XCBuildConfiguration;
			buildSettings = {
				ALWAYS_SEARCH_USER_PATHS = NO;
				CLANG_ANALYZER_NONNULL = YES;
				CLANG_ANALYZER_NUMBER_OBJECT_CONVERSION = YES_AGGRESSIVE;
				CLANG_CXX_LANGUAGE_STANDARD = "gnu++14";
				CLANG_CXX_LIBRARY = "libc++";
				CLANG_ENABLE_MODULES = YES;
				CLANG_ENABLE_OBJC_ARC = YES;
				CLANG_ENABLE_OBJC_WEAK = YES;
				CLANG_WARN_BLOCK_CAPTURE_AUTORELEASING = YES;
				CLANG_WARN_BOOL_CONVERSION = YES;
				CLANG_WARN_COMMA = YES;
				CLANG_WARN_CONSTANT_CONVERSION = YES;
				CLANG_WARN_DEPRECATED_OBJC_IMPLEMENTATIONS = YES;
				CLANG_WARN_DIRECT_OBJC_ISA_USAGE = YES_ERROR;
				CLANG_WARN_DOCUMENTATION_COMMENTS = YES;
				CLANG_WARN_EMPTY_BODY = YES;
				CLANG_WARN_ENUM_CONVERSION = YES;
				CLANG_WARN_INFINITE_RECURSION = YES;
				CLANG_WARN_INT_CONVERSION = YES;
				CLANG_WARN_NON_LITERAL_NULL_CONVERSION = YES;
				CLANG_WARN_OBJC_IMPLICIT_RETAIN_SELF = YES;
				CLANG_WARN_OBJC_LITERAL_CONVERSION = YES;
				CLANG_WARN_OBJC_ROOT_CLASS = YES_ERROR;
				CLANG_WARN_RANGE_LOOP_ANALYSIS = YES;
				CLANG_WARN_STRICT_PROTOTYPES = YES;
				CLANG_WARN_SUSPICIOUS_MOVE = YES;
				CLANG_WARN_UNGUARDED_AVAILABILITY = YES_AGGRESSIVE;
				CLANG_WARN_UNREACHABLE_CODE = YES;
				CLANG_WARN__DUPLICATE_METHOD_MATCH = YES;
				CODE_SIGN_IDENTITY = "iPhone Developer";
				COPY_PHASE_STRIP = NO;
				DEBUG_INFORMATION_FORMAT = "dwarf-with-dsym";
				ENABLE_NS_ASSERTIONS = NO;
				ENABLE_STRICT_OBJC_MSGSEND = YES;
				GCC_C_LANGUAGE_STANDARD = gnu11;
				GCC_NO_COMMON_BLOCKS = YES;
				GCC_WARN_64_TO_32_BIT_CONVERSION = YES;
				GCC_WARN_ABOUT_RETURN_TYPE = YES_ERROR;
				GCC_WARN_UNDECLARED_SELECTOR = YES;
				GCC_WARN_UNINITIALIZED_AUTOS = YES_AGGRESSIVE;
				GCC_WARN_UNUSED_FUNCTION = YES;
				GCC_WARN_UNUSED_VARIABLE = YES;
				IPHONEOS_DEPLOYMENT_TARGET = 12.0;
				MTL_ENABLE_DEBUG_INFO = NO;
				MTL_FAST_MATH = YES;
				SDKROOT = iphoneos;
				SWIFT_COMPILATION_MODE = wholemodule;
				SWIFT_OPTIMIZATION_LEVEL = "-O";
				VALIDATE_PRODUCT = YES;
			};
			name = Release;
		};
		2EB17073216CA5E300AA7C6E /* Debug */ = {
			isa = XCBuildConfiguration;
			buildSettings = {
				ASSETCATALOG_COMPILER_APPICON_NAME = AppIcon;
				CODE_SIGN_STYLE = Automatic;
				DEVELOPMENT_TEAM = G63A5N8Y3S;
				INFOPLIST_FILE = "Generic Nav/Info.plist";
				LD_RUNPATH_SEARCH_PATHS = (
					"$(inherited)",
					"@executable_path/Frameworks",
				);
				PRODUCT_BUNDLE_IDENTIFIER = "com.DaniyalKhan.Koderlabs.Generic-Nav";
				PRODUCT_NAME = "$(TARGET_NAME)";
				SWIFT_VERSION = 4.2;
				TARGETED_DEVICE_FAMILY = "1,2";
			};
			name = Debug;
		};
		2EB17074216CA5E300AA7C6E /* Release */ = {
			isa = XCBuildConfiguration;
			buildSettings = {
				ASSETCATALOG_COMPILER_APPICON_NAME = AppIcon;
				CODE_SIGN_STYLE = Automatic;
				DEVELOPMENT_TEAM = G63A5N8Y3S;
				INFOPLIST_FILE = "Generic Nav/Info.plist";
				LD_RUNPATH_SEARCH_PATHS = (
					"$(inherited)",
					"@executable_path/Frameworks",
				);
				PRODUCT_BUNDLE_IDENTIFIER = "com.DaniyalKhan.Koderlabs.Generic-Nav";
				PRODUCT_NAME = "$(TARGET_NAME)";
				SWIFT_VERSION = 4.2;
				TARGETED_DEVICE_FAMILY = "1,2";
			};
			name = Release;
		};
/* End XCBuildConfiguration section */

/* Begin XCConfigurationList section */
		2EB1705B216CA5E100AA7C6E /* Build configuration list for PBXProject "Generic Nav" */ = {
			isa = XCConfigurationList;
			buildConfigurations = (
				2EB17070216CA5E300AA7C6E /* Debug */,
				2EB17071216CA5E300AA7C6E /* Release */,
			);
			defaultConfigurationIsVisible = 0;
			defaultConfigurationName = Release;
		};
		2EB17072216CA5E300AA7C6E /* Build configuration list for PBXNativeTarget "Generic Nav" */ = {
			isa = XCConfigurationList;
			buildConfigurations = (
				2EB17073216CA5E300AA7C6E /* Debug */,
				2EB17074216CA5E300AA7C6E /* Release */,
			);
			defaultConfigurationIsVisible = 0;
			defaultConfigurationName = Release;
		};
/* End XCConfigurationList section */
	};
	rootObject = 2EB17058216CA5E100AA7C6E /* Project object */;
}
